
Microsoft Visual Studio Solution File, Format Version 12.00
# Visual Studio Version 17
VisualStudioVersion = 17.8.34316.72
MinimumVisualStudioVersion = 10.0.40219.1
Project("{2150E333-8FDC-42A3-9474-1A3956D46DE8}") = "Services", "Services", "{2788422A-D4AE-42C8-B2A5-3E250B923DEB}"
	ProjectSection(SolutionItems) = preProject
		Instruction.txt = Instruction.txt
	EndProjectSection
EndProject
Project("{2150E333-8FDC-42A3-9474-1A3956D46DE8}") = "Gateway", "Gateway", "{1483E28F-D099-4C1F-BAC9-E76AEB7E7056}"
EndProject
Project("{9A19103F-16F7-4668-BE54-9A1E7A4F7556}") = "OcelotApiGateway", "OcelotApiGateway\OcelotApiGateway.csproj", "{44DE9522-184D-4071-AFB6-90790A2407A4}"
EndProject
Project("{2150E333-8FDC-42A3-9474-1A3956D46DE8}") = "Identity", "Identity", "{E14E4390-677B-428E-86E2-1A32AC7C5F1F}"
EndProject
Project("{9A19103F-16F7-4668-BE54-9A1E7A4F7556}") = "Identity", "Identity\Identity.csproj", "{D96B0147-F2EE-404A-B733-305652F47E70}"
EndProject
Project("{2150E333-8FDC-42A3-9474-1A3956D46DE8}") = "SP", "SP", "{6AFBA12A-7387-43C9-A075-C43EB5D9D083}"
EndProject
Project("{2150E333-8FDC-42A3-9474-1A3956D46DE8}") = "Payment", "Payment", "{C43C4A5D-DF9F-4E87-9D22-623EA21F17C0}"
EndProject
Project("{2150E333-8FDC-42A3-9474-1A3956D46DE8}") = "Notification", "Notification", "{5A153DF5-BF23-4042-A2E4-78E991A1F47B}"
EndProject
Project("{2150E333-8FDC-42A3-9474-1A3956D46DE8}") = "ServiceTypes", "ServiceTypes", "{467D9913-1514-4EF5-817B-6A1DC02A3CD3}"
EndProject
Project("{9A19103F-16F7-4668-BE54-9A1E7A4F7556}") = "Identity.Domain", "Identity.Domain\Identity.Domain.csproj", "{E3CB434F-52F1-4AA3-99C8-9F9A801CFBFF}"
EndProject
Project("{9A19103F-16F7-4668-BE54-9A1E7A4F7556}") = "Identity.Application", "Identity.Application\Identity.Application.csproj", "{F9387F87-AF3A-4FD5-8345-FDA6B2DFB2D8}"
EndProject
Project("{9A19103F-16F7-4668-BE54-9A1E7A4F7556}") = "Identity.Infrastructure", "Identity.Infrastructure\Identity.Infrastructure.csproj", "{57799450-752A-4ABD-8C8D-24F953E906AF}"
EndProject
Project("{2150E333-8FDC-42A3-9474-1A3956D46DE8}") = "Common", "Common", "{41FD1793-9548-42E4-AB27-CD5D7E11070A}"
EndProject
Project("{FAE04EC0-301F-11D3-BF4B-00C04F79EFBC}") = "Payment.Aplication", "Payment.Aplication\Payment.Aplication.csproj", "{08C61EE3-FD29-40E4-BCED-3BCCBBCBE318}"
EndProject
Global
	GlobalSection(SolutionConfigurationPlatforms) = preSolution
		Debug|Any CPU = Debug|Any CPU
		Release|Any CPU = Release|Any CPU
	EndGlobalSection
	GlobalSection(ProjectConfigurationPlatforms) = postSolution
		{44DE9522-184D-4071-AFB6-90790A2407A4}.Debug|Any CPU.ActiveCfg = Debug|Any CPU
		{44DE9522-184D-4071-AFB6-90790A2407A4}.Debug|Any CPU.Build.0 = Debug|Any CPU
		{44DE9522-184D-4071-AFB6-90790A2407A4}.Release|Any CPU.ActiveCfg = Release|Any CPU
		{44DE9522-184D-4071-AFB6-90790A2407A4}.Release|Any CPU.Build.0 = Release|Any CPU
		{D96B0147-F2EE-404A-B733-305652F47E70}.Debug|Any CPU.ActiveCfg = Debug|Any CPU
		{D96B0147-F2EE-404A-B733-305652F47E70}.Debug|Any CPU.Build.0 = Debug|Any CPU
		{D96B0147-F2EE-404A-B733-305652F47E70}.Release|Any CPU.ActiveCfg = Release|Any CPU
		{D96B0147-F2EE-404A-B733-305652F47E70}.Release|Any CPU.Build.0 = Release|Any CPU
		{E3CB434F-52F1-4AA3-99C8-9F9A801CFBFF}.Debug|Any CPU.ActiveCfg = Debug|Any CPU
		{E3CB434F-52F1-4AA3-99C8-9F9A801CFBFF}.Debug|Any CPU.Build.0 = Debug|Any CPU
		{E3CB434F-52F1-4AA3-99C8-9F9A801CFBFF}.Release|Any CPU.ActiveCfg = Release|Any CPU
		{E3CB434F-52F1-4AA3-99C8-9F9A801CFBFF}.Release|Any CPU.Build.0 = Release|Any CPU
		{F9387F87-AF3A-4FD5-8345-FDA6B2DFB2D8}.Debug|Any CPU.ActiveCfg = Debug|Any CPU
		{F9387F87-AF3A-4FD5-8345-FDA6B2DFB2D8}.Debug|Any CPU.Build.0 = Debug|Any CPU
		{F9387F87-AF3A-4FD5-8345-FDA6B2DFB2D8}.Release|Any CPU.ActiveCfg = Release|Any CPU
		{F9387F87-AF3A-4FD5-8345-FDA6B2DFB2D8}.Release|Any CPU.Build.0 = Release|Any CPU
		{57799450-752A-4ABD-8C8D-24F953E906AF}.Debug|Any CPU.ActiveCfg = Debug|Any CPU
		{57799450-752A-4ABD-8C8D-24F953E906AF}.Debug|Any CPU.Build.0 = Debug|Any CPU
		{57799450-752A-4ABD-8C8D-24F953E906AF}.Release|Any CPU.ActiveCfg = Release|Any CPU
		{57799450-752A-4ABD-8C8D-24F953E906AF}.Release|Any CPU.Build.0 = Release|Any CPU
		{08C61EE3-FD29-40E4-BCED-3BCCBBCBE318}.Debug|Any CPU.ActiveCfg = Debug|Any CPU
		{08C61EE3-FD29-40E4-BCED-3BCCBBCBE318}.Debug|Any CPU.Build.0 = Debug|Any CPU
		{08C61EE3-FD29-40E4-BCED-3BCCBBCBE318}.Release|Any CPU.ActiveCfg = Release|Any CPU
		{08C61EE3-FD29-40E4-BCED-3BCCBBCBE318}.Release|Any CPU.Build.0 = Release|Any CPU
	EndGlobalSection
	GlobalSection(SolutionProperties) = preSolution
		HideSolutionNode = FALSE
	EndGlobalSection
	GlobalSection(NestedProjects) = preSolution
		{44DE9522-184D-4071-AFB6-90790A2407A4} = {1483E28F-D099-4C1F-BAC9-E76AEB7E7056}
		{E14E4390-677B-428E-86E2-1A32AC7C5F1F} = {2788422A-D4AE-42C8-B2A5-3E250B923DEB}
		{D96B0147-F2EE-404A-B733-305652F47E70} = {E14E4390-677B-428E-86E2-1A32AC7C5F1F}
		{6AFBA12A-7387-43C9-A075-C43EB5D9D083} = {2788422A-D4AE-42C8-B2A5-3E250B923DEB}
		{C43C4A5D-DF9F-4E87-9D22-623EA21F17C0} = {2788422A-D4AE-42C8-B2A5-3E250B923DEB}
		{5A153DF5-BF23-4042-A2E4-78E991A1F47B} = {2788422A-D4AE-42C8-B2A5-3E250B923DEB}
		{467D9913-1514-4EF5-817B-6A1DC02A3CD3} = {2788422A-D4AE-42C8-B2A5-3E250B923DEB}
		{E3CB434F-52F1-4AA3-99C8-9F9A801CFBFF} = {E14E4390-677B-428E-86E2-1A32AC7C5F1F}
		{F9387F87-AF3A-4FD5-8345-FDA6B2DFB2D8} = {E14E4390-677B-428E-86E2-1A32AC7C5F1F}
		{57799450-752A-4ABD-8C8D-24F953E906AF} = {E14E4390-677B-428E-86E2-1A32AC7C5F1F}
		{08C61EE3-FD29-40E4-BCED-3BCCBBCBE318} = {C43C4A5D-DF9F-4E87-9D22-623EA21F17C0}
	EndGlobalSection
	GlobalSection(ExtensibilityGlobals) = postSolution
		SolutionGuid = {3D60679F-05E0-4C57-84E8-C2D21CF1A6A3}
	EndGlobalSection
EndGlobal
