
Microsoft Visual Studio Solution File, Format Version 12.00
# Visual Studio Version 17
VisualStudioVersion = 17.8.34316.72
MinimumVisualStudioVersion = 10.0.40219.1
Project("{2150E333-8FDC-42A3-9474-1A3956D46DE8}") = "Services", "Services", "{2788422A-D4AE-42C8-B2A5-3E250B923DEB}"
	ProjectSection(SolutionItems) = preProject
		Instruction.txt = Instruction.txt
	EndProjectSection
EndProject
Project("{2150E333-8FDC-42A3-9474-1A3956D46DE8}") = "Gateway", "Gateway", "{1483E28F-D099-4C1F-BAC9-E76AEB7E7056}"
EndProject
Project("{9A19103F-16F7-4668-BE54-9A1E7A4F7556}") = "OcelotApiGateway", "OcelotApiGateway\OcelotApiGateway.csproj", "{44DE9522-184D-4071-AFB6-90790A2407A4}"
EndProject
Project("{2150E333-8FDC-42A3-9474-1A3956D46DE8}") = "Identity", "Identity", "{E14E4390-677B-428E-86E2-1A32AC7C5F1F}"
EndProject
Project("{9A19103F-16F7-4668-BE54-9A1E7A4F7556}") = "Identity", "Identity\Identity.csproj", "{D96B0147-F2EE-404A-B733-305652F47E70}"
EndProject
Project("{2150E333-8FDC-42A3-9474-1A3956D46DE8}") = "SP", "SP", "{6AFBA12A-7387-43C9-A075-C43EB5D9D083}"
EndProject
Project("{2150E333-8FDC-42A3-9474-1A3956D46DE8}") = "Payment", "Payment", "{C43C4A5D-DF9F-4E87-9D22-623EA21F17C0}"
EndProject
Project("{2150E333-8FDC-42A3-9474-1A3956D46DE8}") = "Notification", "Notification", "{5A153DF5-BF23-4042-A2E4-78E991A1F47B}"
EndProject
Project("{2150E333-8FDC-42A3-9474-1A3956D46DE8}") = "ServiceTypes", "ServiceTypes", "{467D9913-1514-4EF5-817B-6A1DC02A3CD3}"
EndProject
Project("{9A19103F-16F7-4668-BE54-9A1E7A4F7556}") = "Identity.Domain", "Identity.Domain\Identity.Domain.csproj", "{E3CB434F-52F1-4AA3-99C8-9F9A801CFBFF}"
EndProject
Project("{9A19103F-16F7-4668-BE54-9A1E7A4F7556}") = "Identity.Application", "Identity.Application\Identity.Application.csproj", "{F9387F87-AF3A-4FD5-8345-FDA6B2DFB2D8}"
EndProject
Project("{9A19103F-16F7-4668-BE54-9A1E7A4F7556}") = "Identity.Infrastructure", "Identity.Infrastructure\Identity.Infrastructure.csproj", "{57799450-752A-4ABD-8C8D-24F953E906AF}"
EndProject
Project("{2150E333-8FDC-42A3-9474-1A3956D46DE8}") = "Common", "Common", "{41FD1793-9548-42E4-AB27-CD5D7E11070A}"
EndProject
Project("{9A19103F-16F7-4668-BE54-9A1E7A4F7556}") = "Application", "Application\Application.csproj", "{45C56A54-8D39-468D-94A2-D38011678CD1}"
EndProject

Project("{9A19103F-16F7-4668-BE54-9A1E7A4F7556}") = "Notification", "Notification.Api\Notification.csproj", "{11C69007-A1B8-44CF-8579-83BC466A42C9}"
EndProject
Project("{9A19103F-16F7-4668-BE54-9A1E7A4F7556}") = "Notification.Domain", "Notification.Domain\Notification.Domain.csproj", "{9514DD1A-E4E2-435B-B2DC-5800B68E4670}"
EndProject
Project("{9A19103F-16F7-4668-BE54-9A1E7A4F7556}") = "Notification.Application", "Notification.Application\Notification.Application.csproj", "{DF6FC851-CD26-4A70-9962-1DF53D1B2C50}"
EndProject
Project("{9A19103F-16F7-4668-BE54-9A1E7A4F7556}") = "Notification.Infrastructure", "Notification.Infrastructure\Notification.Infrastructure.csproj", "{8038C82B-CF3F-4EC6-A967-8812DB8C5B1E}"
EndProject
Project("{FAE04EC0-301F-11D3-BF4B-00C04F79EFBC}") = "Payment.UI", "Payment.UI\Payment.UI.csproj", "{1F3C8695-C85E-4459-878A-03A9DB41D695}"
EndProject
Project("{FAE04EC0-301F-11D3-BF4B-00C04F79EFBC}") = "Payment.Application", "Payment.Application\Payment.Application.csproj", "{D8C43E0A-47BC-4089-9537-9B2BADB02D65}"
EndProject
Project("{FAE04EC0-301F-11D3-BF4B-00C04F79EFBC}") = "Payment.Domain", "Payment.Domain\Payment.Domain.csproj", "{72646250-FC81-47FB-A5CE-0D3E63D2E03D}"
EndProject
Project("{FAE04EC0-301F-11D3-BF4B-00C04F79EFBC}") = "Payment.Infrastructure", "Payment.Infrastructure\Payment.Infrastructure.csproj", "{AA0159F5-C892-47E5-A40B-03BF2D5ED11A}"

Project("{FAE04EC0-301F-11D3-BF4B-00C04F79EFBC}") = "ServiceCatalog", "ServiceCatalog\ServiceCatalog.csproj", "{87A20BCF-9CCF-4223-A904-0C9ABDCD0F2D}"
EndProject
Project("{FAE04EC0-301F-11D3-BF4B-00C04F79EFBC}") = "ServiceCatalog.Domain", "ServiceCatalog.Domain\ServiceCatalog.Domain.csproj", "{545E9DE6-F605-4D99-853C-32D4FC6D14D5}"
EndProject
Project("{FAE04EC0-301F-11D3-BF4B-00C04F79EFBC}") = "ServiceCatalog.Infrastructure", "ServiceCatalog.Infrastructure\ServiceCatalog.Infrastructure.csproj", "{E8116C19-412A-4B81-84E8-E1F055176404}"
EndProject
Project("{FAE04EC0-301F-11D3-BF4B-00C04F79EFBC}") = "ServiceCatalog.Application", "ServiceCatalog.Application\ServiceCatalog.Application.csproj", "{64BEB787-5407-40B5-B30D-37D3E62168C8}"

EndProject
Global
	GlobalSection(SolutionConfigurationPlatforms) = preSolution
		Debug|Any CPU = Debug|Any CPU
		Release|Any CPU = Release|Any CPU
	EndGlobalSection
	GlobalSection(ProjectConfigurationPlatforms) = postSolution
		{44DE9522-184D-4071-AFB6-90790A2407A4}.Debug|Any CPU.ActiveCfg = Debug|Any CPU
		{44DE9522-184D-4071-AFB6-90790A2407A4}.Debug|Any CPU.Build.0 = Debug|Any CPU
		{44DE9522-184D-4071-AFB6-90790A2407A4}.Release|Any CPU.ActiveCfg = Release|Any CPU
		{44DE9522-184D-4071-AFB6-90790A2407A4}.Release|Any CPU.Build.0 = Release|Any CPU
		{D96B0147-F2EE-404A-B733-305652F47E70}.Debug|Any CPU.ActiveCfg = Debug|Any CPU
		{D96B0147-F2EE-404A-B733-305652F47E70}.Debug|Any CPU.Build.0 = Debug|Any CPU
		{D96B0147-F2EE-404A-B733-305652F47E70}.Release|Any CPU.ActiveCfg = Release|Any CPU
		{D96B0147-F2EE-404A-B733-305652F47E70}.Release|Any CPU.Build.0 = Release|Any CPU
		{E3CB434F-52F1-4AA3-99C8-9F9A801CFBFF}.Debug|Any CPU.ActiveCfg = Debug|Any CPU
		{E3CB434F-52F1-4AA3-99C8-9F9A801CFBFF}.Debug|Any CPU.Build.0 = Debug|Any CPU
		{E3CB434F-52F1-4AA3-99C8-9F9A801CFBFF}.Release|Any CPU.ActiveCfg = Release|Any CPU
		{E3CB434F-52F1-4AA3-99C8-9F9A801CFBFF}.Release|Any CPU.Build.0 = Release|Any CPU
		{F9387F87-AF3A-4FD5-8345-FDA6B2DFB2D8}.Debug|Any CPU.ActiveCfg = Debug|Any CPU
		{F9387F87-AF3A-4FD5-8345-FDA6B2DFB2D8}.Debug|Any CPU.Build.0 = Debug|Any CPU
		{F9387F87-AF3A-4FD5-8345-FDA6B2DFB2D8}.Release|Any CPU.ActiveCfg = Release|Any CPU
		{F9387F87-AF3A-4FD5-8345-FDA6B2DFB2D8}.Release|Any CPU.Build.0 = Release|Any CPU
		{57799450-752A-4ABD-8C8D-24F953E906AF}.Debug|Any CPU.ActiveCfg = Debug|Any CPU
		{57799450-752A-4ABD-8C8D-24F953E906AF}.Debug|Any CPU.Build.0 = Debug|Any CPU
		{57799450-752A-4ABD-8C8D-24F953E906AF}.Release|Any CPU.ActiveCfg = Release|Any CPU
		{57799450-752A-4ABD-8C8D-24F953E906AF}.Release|Any CPU.Build.0 = Release|Any CPU
		{45C56A54-8D39-468D-94A2-D38011678CD1}.Debug|Any CPU.ActiveCfg = Debug|Any CPU
		{45C56A54-8D39-468D-94A2-D38011678CD1}.Debug|Any CPU.Build.0 = Debug|Any CPU
		{45C56A54-8D39-468D-94A2-D38011678CD1}.Release|Any CPU.ActiveCfg = Release|Any CPU
		{45C56A54-8D39-468D-94A2-D38011678CD1}.Release|Any CPU.Build.0 = Release|Any CPU

		{11C69007-A1B8-44CF-8579-83BC466A42C9}.Debug|Any CPU.ActiveCfg = Debug|Any CPU
		{11C69007-A1B8-44CF-8579-83BC466A42C9}.Debug|Any CPU.Build.0 = Debug|Any CPU
		{11C69007-A1B8-44CF-8579-83BC466A42C9}.Release|Any CPU.ActiveCfg = Release|Any CPU
		{11C69007-A1B8-44CF-8579-83BC466A42C9}.Release|Any CPU.Build.0 = Release|Any CPU
		{9514DD1A-E4E2-435B-B2DC-5800B68E4670}.Debug|Any CPU.ActiveCfg = Debug|Any CPU
		{9514DD1A-E4E2-435B-B2DC-5800B68E4670}.Debug|Any CPU.Build.0 = Debug|Any CPU
		{9514DD1A-E4E2-435B-B2DC-5800B68E4670}.Release|Any CPU.ActiveCfg = Release|Any CPU
		{9514DD1A-E4E2-435B-B2DC-5800B68E4670}.Release|Any CPU.Build.0 = Release|Any CPU
		{DF6FC851-CD26-4A70-9962-1DF53D1B2C50}.Debug|Any CPU.ActiveCfg = Debug|Any CPU
		{DF6FC851-CD26-4A70-9962-1DF53D1B2C50}.Debug|Any CPU.Build.0 = Debug|Any CPU
		{DF6FC851-CD26-4A70-9962-1DF53D1B2C50}.Release|Any CPU.ActiveCfg = Release|Any CPU
		{DF6FC851-CD26-4A70-9962-1DF53D1B2C50}.Release|Any CPU.Build.0 = Release|Any CPU
		{8038C82B-CF3F-4EC6-A967-8812DB8C5B1E}.Debug|Any CPU.ActiveCfg = Debug|Any CPU
		{8038C82B-CF3F-4EC6-A967-8812DB8C5B1E}.Debug|Any CPU.Build.0 = Debug|Any CPU
		{8038C82B-CF3F-4EC6-A967-8812DB8C5B1E}.Release|Any CPU.ActiveCfg = Release|Any CPU
		{8038C82B-CF3F-4EC6-A967-8812DB8C5B1E}.Release|Any CPU.Build.0 = Release|Any CPU
		{1F3C8695-C85E-4459-878A-03A9DB41D695}.Debug|Any CPU.ActiveCfg = Debug|Any CPU
		{1F3C8695-C85E-4459-878A-03A9DB41D695}.Debug|Any CPU.Build.0 = Debug|Any CPU
		{1F3C8695-C85E-4459-878A-03A9DB41D695}.Release|Any CPU.ActiveCfg = Release|Any CPU
		{1F3C8695-C85E-4459-878A-03A9DB41D695}.Release|Any CPU.Build.0 = Release|Any CPU
		{D8C43E0A-47BC-4089-9537-9B2BADB02D65}.Debug|Any CPU.ActiveCfg = Debug|Any CPU
		{D8C43E0A-47BC-4089-9537-9B2BADB02D65}.Debug|Any CPU.Build.0 = Debug|Any CPU
		{D8C43E0A-47BC-4089-9537-9B2BADB02D65}.Release|Any CPU.ActiveCfg = Release|Any CPU
		{D8C43E0A-47BC-4089-9537-9B2BADB02D65}.Release|Any CPU.Build.0 = Release|Any CPU
		{72646250-FC81-47FB-A5CE-0D3E63D2E03D}.Debug|Any CPU.ActiveCfg = Debug|Any CPU
		{72646250-FC81-47FB-A5CE-0D3E63D2E03D}.Debug|Any CPU.Build.0 = Debug|Any CPU
		{72646250-FC81-47FB-A5CE-0D3E63D2E03D}.Release|Any CPU.ActiveCfg = Release|Any CPU
		{72646250-FC81-47FB-A5CE-0D3E63D2E03D}.Release|Any CPU.Build.0 = Release|Any CPU
		{AA0159F5-C892-47E5-A40B-03BF2D5ED11A}.Debug|Any CPU.ActiveCfg = Debug|Any CPU
		{AA0159F5-C892-47E5-A40B-03BF2D5ED11A}.Debug|Any CPU.Build.0 = Debug|Any CPU
		{AA0159F5-C892-47E5-A40B-03BF2D5ED11A}.Release|Any CPU.ActiveCfg = Release|Any CPU
		{AA0159F5-C892-47E5-A40B-03BF2D5ED11A}.Release|Any CPU.Build.0 = Release|Any CPU
		{87A20BCF-9CCF-4223-A904-0C9ABDCD0F2D}.Debug|Any CPU.ActiveCfg = Debug|Any CPU
		{87A20BCF-9CCF-4223-A904-0C9ABDCD0F2D}.Debug|Any CPU.Build.0 = Debug|Any CPU
		{87A20BCF-9CCF-4223-A904-0C9ABDCD0F2D}.Release|Any CPU.ActiveCfg = Release|Any CPU
		{87A20BCF-9CCF-4223-A904-0C9ABDCD0F2D}.Release|Any CPU.Build.0 = Release|Any CPU
		{545E9DE6-F605-4D99-853C-32D4FC6D14D5}.Debug|Any CPU.ActiveCfg = Debug|Any CPU
		{545E9DE6-F605-4D99-853C-32D4FC6D14D5}.Debug|Any CPU.Build.0 = Debug|Any CPU
		{545E9DE6-F605-4D99-853C-32D4FC6D14D5}.Release|Any CPU.ActiveCfg = Release|Any CPU
		{545E9DE6-F605-4D99-853C-32D4FC6D14D5}.Release|Any CPU.Build.0 = Release|Any CPU
		{E8116C19-412A-4B81-84E8-E1F055176404}.Debug|Any CPU.ActiveCfg = Debug|Any CPU
		{E8116C19-412A-4B81-84E8-E1F055176404}.Debug|Any CPU.Build.0 = Debug|Any CPU
		{E8116C19-412A-4B81-84E8-E1F055176404}.Release|Any CPU.ActiveCfg = Release|Any CPU
		{E8116C19-412A-4B81-84E8-E1F055176404}.Release|Any CPU.Build.0 = Release|Any CPU
		{64BEB787-5407-40B5-B30D-37D3E62168C8}.Debug|Any CPU.ActiveCfg = Debug|Any CPU
		{64BEB787-5407-40B5-B30D-37D3E62168C8}.Debug|Any CPU.Build.0 = Debug|Any CPU
		{64BEB787-5407-40B5-B30D-37D3E62168C8}.Release|Any CPU.ActiveCfg = Release|Any CPU
		{64BEB787-5407-40B5-B30D-37D3E62168C8}.Release|Any CPU.Build.0 = Release|Any CPU
	EndGlobalSection
	GlobalSection(SolutionProperties) = preSolution
		HideSolutionNode = FALSE
	EndGlobalSection
	GlobalSection(NestedProjects) = preSolution
		{44DE9522-184D-4071-AFB6-90790A2407A4} = {1483E28F-D099-4C1F-BAC9-E76AEB7E7056}
		{E14E4390-677B-428E-86E2-1A32AC7C5F1F} = {2788422A-D4AE-42C8-B2A5-3E250B923DEB}
		{D96B0147-F2EE-404A-B733-305652F47E70} = {E14E4390-677B-428E-86E2-1A32AC7C5F1F}
		{6AFBA12A-7387-43C9-A075-C43EB5D9D083} = {2788422A-D4AE-42C8-B2A5-3E250B923DEB}
		{C43C4A5D-DF9F-4E87-9D22-623EA21F17C0} = {2788422A-D4AE-42C8-B2A5-3E250B923DEB}
		{5A153DF5-BF23-4042-A2E4-78E991A1F47B} = {2788422A-D4AE-42C8-B2A5-3E250B923DEB}
		{467D9913-1514-4EF5-817B-6A1DC02A3CD3} = {2788422A-D4AE-42C8-B2A5-3E250B923DEB}
		{E3CB434F-52F1-4AA3-99C8-9F9A801CFBFF} = {E14E4390-677B-428E-86E2-1A32AC7C5F1F}
		{F9387F87-AF3A-4FD5-8345-FDA6B2DFB2D8} = {E14E4390-677B-428E-86E2-1A32AC7C5F1F}
		{57799450-752A-4ABD-8C8D-24F953E906AF} = {E14E4390-677B-428E-86E2-1A32AC7C5F1F}
		{45C56A54-8D39-468D-94A2-D38011678CD1} = {41FD1793-9548-42E4-AB27-CD5D7E11070A}
		{11C69007-A1B8-44CF-8579-83BC466A42C9} = {5A153DF5-BF23-4042-A2E4-78E991A1F47B}
		{9514DD1A-E4E2-435B-B2DC-5800B68E4670} = {5A153DF5-BF23-4042-A2E4-78E991A1F47B}
		{DF6FC851-CD26-4A70-9962-1DF53D1B2C50} = {5A153DF5-BF23-4042-A2E4-78E991A1F47B}
		{8038C82B-CF3F-4EC6-A967-8812DB8C5B1E} = {5A153DF5-BF23-4042-A2E4-78E991A1F47B}
		{1F3C8695-C85E-4459-878A-03A9DB41D695} = {C43C4A5D-DF9F-4E87-9D22-623EA21F17C0}
		{D8C43E0A-47BC-4089-9537-9B2BADB02D65} = {C43C4A5D-DF9F-4E87-9D22-623EA21F17C0}
		{72646250-FC81-47FB-A5CE-0D3E63D2E03D} = {C43C4A5D-DF9F-4E87-9D22-623EA21F17C0}
		{AA0159F5-C892-47E5-A40B-03BF2D5ED11A} = {C43C4A5D-DF9F-4E87-9D22-623EA21F17C0}
		{87A20BCF-9CCF-4223-A904-0C9ABDCD0F2D} = {467D9913-1514-4EF5-817B-6A1DC02A3CD3}
		{545E9DE6-F605-4D99-853C-32D4FC6D14D5} = {467D9913-1514-4EF5-817B-6A1DC02A3CD3}
		{E8116C19-412A-4B81-84E8-E1F055176404} = {467D9913-1514-4EF5-817B-6A1DC02A3CD3}
		{64BEB787-5407-40B5-B30D-37D3E62168C8} = {467D9913-1514-4EF5-817B-6A1DC02A3CD3}
	EndGlobalSection
	GlobalSection(ExtensibilityGlobals) = postSolution
		SolutionGuid = {3D60679F-05E0-4C57-84E8-C2D21CF1A6A3}
	EndGlobalSection
EndGlobal
